
Microsoft Visual Studio Solution File, Format Version 12.00
# Visual Studio Version 17
VisualStudioVersion = 17.5.33516.290
MinimumVisualStudioVersion = 10.0.40219.1
Project("{FAE04EC0-301F-11D3-BF4B-00C04F79EFBC}") = "PW3_2", "PW3_2.csproj", "{2139A6A4-3EC7-486A-87C0-F06CF5422807}"
EndProject
Global
	GlobalSection(SolutionConfigurationPlatforms) = preSolution
		Debug|Any CPU = Debug|Any CPU
		Release|Any CPU = Release|Any CPU
	EndGlobalSection
	GlobalSection(ProjectConfigurationPlatforms) = postSolution
		{2139A6A4-3EC7-486A-87C0-F06CF5422807}.Debug|Any CPU.ActiveCfg = Debug|Any CPU
		{2139A6A4-3EC7-486A-87C0-F06CF5422807}.Debug|Any CPU.Build.0 = Debug|Any CPU
		{2139A6A4-3EC7-486A-87C0-F06CF5422807}.Release|Any CPU.ActiveCfg = Release|Any CPU
		{2139A6A4-3EC7-486A-87C0-F06CF5422807}.Release|Any CPU.Build.0 = Release|Any CPU
	EndGlobalSection
	GlobalSection(SolutionProperties) = preSolution
		HideSolutionNode = FALSE
	EndGlobalSection
	GlobalSection(ExtensibilityGlobals) = postSolution
		SolutionGuid = {667D18D7-F221-4CFD-BB54-130AB5681896}
	EndGlobalSection
EndGlobal
