
Microsoft Visual Studio Solution File, Format Version 12.00
# Visual Studio Version 17
VisualStudioVersion = 17.5.33516.290
MinimumVisualStudioVersion = 10.0.40219.1
Project("{FAE04EC0-301F-11D3-BF4B-00C04F79EFBC}") = "PW3_4", "PW3_4.csproj", "{597E412B-D82E-446A-8D5A-93E38DF13F2C}"
EndProject
Global
	GlobalSection(SolutionConfigurationPlatforms) = preSolution
		Debug|Any CPU = Debug|Any CPU
		Release|Any CPU = Release|Any CPU
	EndGlobalSection
	GlobalSection(ProjectConfigurationPlatforms) = postSolution
		{597E412B-D82E-446A-8D5A-93E38DF13F2C}.Debug|Any CPU.ActiveCfg = Debug|Any CPU
		{597E412B-D82E-446A-8D5A-93E38DF13F2C}.Debug|Any CPU.Build.0 = Debug|Any CPU
		{597E412B-D82E-446A-8D5A-93E38DF13F2C}.Release|Any CPU.ActiveCfg = Release|Any CPU
		{597E412B-D82E-446A-8D5A-93E38DF13F2C}.Release|Any CPU.Build.0 = Release|Any CPU
	EndGlobalSection
	GlobalSection(SolutionProperties) = preSolution
		HideSolutionNode = FALSE
	EndGlobalSection
	GlobalSection(ExtensibilityGlobals) = postSolution
		SolutionGuid = {C71D7CE3-2ED5-4009-9961-2DD98EFFCBCA}
	EndGlobalSection
EndGlobal
